
Microsoft Visual Studio Solution File, Format Version 12.00
# Visual Studio Version 18
VisualStudioVersion = 18.0.11222.15 d18.0
MinimumVisualStudioVersion = 10.0.40219.1
Project("{FAE04EC0-301F-11D3-BF4B-00C04F79EFBC}") = "esri", "esri.csproj", "{8B731F98-D8FB-8D0B-0E48-B4C41A71C42C}"
EndProject
Global
	GlobalSection(SolutionConfigurationPlatforms) = preSolution
		Debug|Any CPU = Debug|Any CPU
		Release|Any CPU = Release|Any CPU
	EndGlobalSection
	GlobalSection(ProjectConfigurationPlatforms) = postSolution
		{8B731F98-D8FB-8D0B-0E48-B4C41A71C42C}.Debug|Any CPU.ActiveCfg = Debug|Any CPU
		{8B731F98-D8FB-8D0B-0E48-B4C41A71C42C}.Debug|Any CPU.Build.0 = Debug|Any CPU
		{8B731F98-D8FB-8D0B-0E48-B4C41A71C42C}.Release|Any CPU.ActiveCfg = Release|Any CPU
		{8B731F98-D8FB-8D0B-0E48-B4C41A71C42C}.Release|Any CPU.Build.0 = Release|Any CPU
	EndGlobalSection
	GlobalSection(SolutionProperties) = preSolution
		HideSolutionNode = FALSE
	EndGlobalSection
	GlobalSection(ExtensibilityGlobals) = postSolution
		SolutionGuid = {48D65A0F-A0B8-41F3-9949-9D1407A8BBC9}
	EndGlobalSection
EndGlobal
